
Microsoft Visual Studio Solution File, Format Version 12.00
# Visual Studio Version 17
VisualStudioVersion = 17.4.33103.184
MinimumVisualStudioVersion = 10.0.40219.1
Project("{FAE04EC0-301F-11D3-BF4B-00C04F79EFBC}") = "Authenticator", "Authenticator\Authenticator.csproj", "{621F33BF-324E-40FA-A6BD-DE76BFB2733C}"
EndProject
Project("{9A19103F-16F7-4668-BE54-9A1E7A4F7556}") = "Domain", "Domain\Domain.csproj", "{3E982362-9755-419B-BABD-40C37F95C7AF}"
EndProject
Project("{9A19103F-16F7-4668-BE54-9A1E7A4F7556}") = "Application", "Application\Application.csproj", "{F166CE48-8AC1-42B2-8DBB-7A2D076DD807}"
EndProject
Project("{FAE04EC0-301F-11D3-BF4B-00C04F79EFBC}") = "StaticDataBase", "StaticDataBase\StaticDataBase.csproj", "{EDAB3FDC-BD78-4C0F-A008-D3FD4020B485}"
EndProject
Global
	GlobalSection(SolutionConfigurationPlatforms) = preSolution
		Debug|Any CPU = Debug|Any CPU
		Release|Any CPU = Release|Any CPU
	EndGlobalSection
	GlobalSection(ProjectConfigurationPlatforms) = postSolution
		{621F33BF-324E-40FA-A6BD-DE76BFB2733C}.Debug|Any CPU.ActiveCfg = Debug|Any CPU
		{621F33BF-324E-40FA-A6BD-DE76BFB2733C}.Debug|Any CPU.Build.0 = Debug|Any CPU
		{621F33BF-324E-40FA-A6BD-DE76BFB2733C}.Release|Any CPU.ActiveCfg = Release|Any CPU
		{621F33BF-324E-40FA-A6BD-DE76BFB2733C}.Release|Any CPU.Build.0 = Release|Any CPU
		{3E982362-9755-419B-BABD-40C37F95C7AF}.Debug|Any CPU.ActiveCfg = Debug|Any CPU
		{3E982362-9755-419B-BABD-40C37F95C7AF}.Debug|Any CPU.Build.0 = Debug|Any CPU
		{3E982362-9755-419B-BABD-40C37F95C7AF}.Release|Any CPU.ActiveCfg = Release|Any CPU
		{3E982362-9755-419B-BABD-40C37F95C7AF}.Release|Any CPU.Build.0 = Release|Any CPU
		{F166CE48-8AC1-42B2-8DBB-7A2D076DD807}.Debug|Any CPU.ActiveCfg = Debug|Any CPU
		{F166CE48-8AC1-42B2-8DBB-7A2D076DD807}.Debug|Any CPU.Build.0 = Debug|Any CPU
		{F166CE48-8AC1-42B2-8DBB-7A2D076DD807}.Release|Any CPU.ActiveCfg = Release|Any CPU
		{F166CE48-8AC1-42B2-8DBB-7A2D076DD807}.Release|Any CPU.Build.0 = Release|Any CPU
		{EDAB3FDC-BD78-4C0F-A008-D3FD4020B485}.Debug|Any CPU.ActiveCfg = Debug|Any CPU
		{EDAB3FDC-BD78-4C0F-A008-D3FD4020B485}.Debug|Any CPU.Build.0 = Debug|Any CPU
		{EDAB3FDC-BD78-4C0F-A008-D3FD4020B485}.Release|Any CPU.ActiveCfg = Release|Any CPU
		{EDAB3FDC-BD78-4C0F-A008-D3FD4020B485}.Release|Any CPU.Build.0 = Release|Any CPU
	EndGlobalSection
	GlobalSection(SolutionProperties) = preSolution
		HideSolutionNode = FALSE
	EndGlobalSection
	GlobalSection(ExtensibilityGlobals) = postSolution
		SolutionGuid = {8F70989B-FE63-4A08-B64A-E43193AABA11}
	EndGlobalSection
EndGlobal
